// !$*UTF8*$!
{
	archiveVersion = 1;
	classes = {
	};
	objectVersion = 55;
	objects = {

/* Begin PBXBuildFile section */
		3D355DFD28355B35001C4EE5 /* LandmarkApp.swift in Sources */ = {isa = PBXBuildFile; fileRef = 3D355DFC28355B35001C4EE5 /* LandmarkApp.swift */; };
		3D355DFF28355B35001C4EE5 /* MainView.swift in Sources */ = {isa = PBXBuildFile; fileRef = 3D355DFE28355B35001C4EE5 /* MainView.swift */; };
		3D355E0128355B35001C4EE5 /* Assets.xcassets in Resources */ = {isa = PBXBuildFile; fileRef = 3D355E0028355B35001C4EE5 /* Assets.xcassets */; };
		3D355E0428355B35001C4EE5 /* Preview Assets.xcassets in Resources */ = {isa = PBXBuildFile; fileRef = 3D355E0328355B35001C4EE5 /* Preview Assets.xcassets */; };
		3D355E0B28356111001C4EE5 /* CircleImageView.swift in Sources */ = {isa = PBXBuildFile; fileRef = 3D355E0A28356111001C4EE5 /* CircleImageView.swift */; };
		3D355E0D283561A3001C4EE5 /* MapView.swift in Sources */ = {isa = PBXBuildFile; fileRef = 3D355E0C283561A3001C4EE5 /* MapView.swift */; };
		3D355E0F283565DA001C4EE5 /* landmarkData.json in Resources */ = {isa = PBXBuildFile; fileRef = 3D355E0E283565DA001C4EE5 /* landmarkData.json */; };
		3D355E11283565F9001C4EE5 /* Landmark.swift in Sources */ = {isa = PBXBuildFile; fileRef = 3D355E10283565F9001C4EE5 /* Landmark.swift */; };
		3D355E13283567B7001C4EE5 /* ViewModel.swift in Sources */ = {isa = PBXBuildFile; fileRef = 3D355E12283567B7001C4EE5 /* ViewModel.swift */; };
		3D355E1828356A2C001C4EE5 /* LandmarkRowView.swift in Sources */ = {isa = PBXBuildFile; fileRef = 3D355E1728356A2C001C4EE5 /* LandmarkRowView.swift */; };
		3D355E1A28356B7C001C4EE5 /* LandmarkListView.swift in Sources */ = {isa = PBXBuildFile; fileRef = 3D355E1928356B7C001C4EE5 /* LandmarkListView.swift */; };
		3D355E1C28356D16001C4EE5 /* LandmarkDetailView.swift in Sources */ = {isa = PBXBuildFile; fileRef = 3D355E1B28356D16001C4EE5 /* LandmarkDetailView.swift */; };
		3D355E1E28357ADE001C4EE5 /* FavoriteButtonView.swift in Sources */ = {isa = PBXBuildFile; fileRef = 3D355E1D28357ADE001C4EE5 /* FavoriteButtonView.swift */; };
		3D3CD41D28363A2D006B1F48 /* HexagonParameters.swift in Sources */ = {isa = PBXBuildFile; fileRef = 3D3CD41C28363A2D006B1F48 /* HexagonParameters.swift */; };
		3D3CD41F28363B71006B1F48 /* BadgeBackgroundView.swift in Sources */ = {isa = PBXBuildFile; fileRef = 3D3CD41E28363B71006B1F48 /* BadgeBackgroundView.swift */; };
		3D3CD42128363FAA006B1F48 /* BadgeSymbolView.swift in Sources */ = {isa = PBXBuildFile; fileRef = 3D3CD42028363FAA006B1F48 /* BadgeSymbolView.swift */; };
		3D3CD4232836418A006B1F48 /* RotatedBadgeSymbolView.swift in Sources */ = {isa = PBXBuildFile; fileRef = 3D3CD4222836418A006B1F48 /* RotatedBadgeSymbolView.swift */; };
		3D3CD4252836420B006B1F48 /* BadgeView.swift in Sources */ = {isa = PBXBuildFile; fileRef = 3D3CD4242836420B006B1F48 /* BadgeView.swift */; };
		3D3CD428283650DD006B1F48 /* hikeData.json in Resources */ = {isa = PBXBuildFile; fileRef = 3D3CD427283650DD006B1F48 /* hikeData.json */; };
		3D3CD42A28365126006B1F48 /* Hike.swift in Sources */ = {isa = PBXBuildFile; fileRef = 3D3CD42928365126006B1F48 /* Hike.swift */; };
		3D3CD43928365302006B1F48 /* GraphCapsule.swift in Sources */ = {isa = PBXBuildFile; fileRef = 3D3CD43528365302006B1F48 /* GraphCapsule.swift */; };
		3D3CD43A28365302006B1F48 /* HikeGraph.swift in Sources */ = {isa = PBXBuildFile; fileRef = 3D3CD43628365302006B1F48 /* HikeGraph.swift */; };
		3D3CD43B28365302006B1F48 /* HikeDetail.swift in Sources */ = {isa = PBXBuildFile; fileRef = 3D3CD43728365302006B1F48 /* HikeDetail.swift */; };
		3D3CD43C28365302006B1F48 /* HikeView.swift in Sources */ = {isa = PBXBuildFile; fileRef = 3D3CD43828365302006B1F48 /* HikeView.swift */; };
		3D3CD43F2836685A006B1F48 /* CategoryHomeView.swift in Sources */ = {isa = PBXBuildFile; fileRef = 3D3CD43E2836685A006B1F48 /* CategoryHomeView.swift */; };
		3D43D09B28369A76006C7F51 /* PageControl.swift in Sources */ = {isa = PBXBuildFile; fileRef = 3D43D09A28369A76006C7F51 /* PageControl.swift */; };
		3D5C994C283A26AD0042D2F9 /* Assets.xcassets in Resources */ = {isa = PBXBuildFile; fileRef = 3D5C994B283A26AD0042D2F9 /* Assets.xcassets */; };
		3D5C9952283A26AD0042D2F9 /* WatchLandmarks WatchKit Extension.appex in Embed App Extensions */ = {isa = PBXBuildFile; fileRef = 3D5C9951283A26AD0042D2F9 /* WatchLandmarks WatchKit Extension.appex */; settings = {ATTRIBUTES = (RemoveHeadersOnCopy, ); }; };
		3D5C9959283A26AD0042D2F9 /* MainView.swift in Sources */ = {isa = PBXBuildFile; fileRef = 3D5C9958283A26AD0042D2F9 /* MainView.swift */; };
		3D5C995B283A26AD0042D2F9 /* NotificationController.swift in Sources */ = {isa = PBXBuildFile; fileRef = 3D5C995A283A26AD0042D2F9 /* NotificationController.swift */; };
		3D5C995D283A26AD0042D2F9 /* NotificationView.swift in Sources */ = {isa = PBXBuildFile; fileRef = 3D5C995C283A26AD0042D2F9 /* NotificationView.swift */; };
		3D5C995F283A26AD0042D2F9 /* ComplicationController.swift in Sources */ = {isa = PBXBuildFile; fileRef = 3D5C995E283A26AD0042D2F9 /* ComplicationController.swift */; };
		3D5C9961283A26AD0042D2F9 /* Assets.xcassets in Resources */ = {isa = PBXBuildFile; fileRef = 3D5C9960283A26AD0042D2F9 /* Assets.xcassets */; };
		3D5C9964283A26AD0042D2F9 /* Preview Assets.xcassets in Resources */ = {isa = PBXBuildFile; fileRef = 3D5C9963283A26AD0042D2F9 /* Preview Assets.xcassets */; };
		3D5C9969283A26AD0042D2F9 /* WatchLandmarks.app in Embed Watch Content */ = {isa = PBXBuildFile; fileRef = 3D5C9949283A26AC0042D2F9 /* WatchLandmarks.app */; settings = {ATTRIBUTES = (RemoveHeadersOnCopy, ); }; };
		3D5C9972283A27130042D2F9 /* MapView.swift in Sources */ = {isa = PBXBuildFile; fileRef = 3D355E0C283561A3001C4EE5 /* MapView.swift */; };
		3D5C9973283A27130042D2F9 /* LandmarkRowView.swift in Sources */ = {isa = PBXBuildFile; fileRef = 3D355E1728356A2C001C4EE5 /* LandmarkRowView.swift */; };
		3D5C9974283A27130042D2F9 /* landmarkData.json in Resources */ = {isa = PBXBuildFile; fileRef = 3D355E0E283565DA001C4EE5 /* landmarkData.json */; };
		3D5C9975283A27130042D2F9 /* LandmarkListView.swift in Sources */ = {isa = PBXBuildFile; fileRef = 3D355E1928356B7C001C4EE5 /* LandmarkListView.swift */; };
		3D5C9976283A27130042D2F9 /* hikeData.json in Resources */ = {isa = PBXBuildFile; fileRef = 3D3CD427283650DD006B1F48 /* hikeData.json */; };
		3D5C9977283A27130042D2F9 /* Assets.xcassets in Resources */ = {isa = PBXBuildFile; fileRef = 3D355E0028355B35001C4EE5 /* Assets.xcassets */; };
		3D5C9978283A27130042D2F9 /* CircleImageView.swift in Sources */ = {isa = PBXBuildFile; fileRef = 3D355E0A28356111001C4EE5 /* CircleImageView.swift */; };
		3D5C9979283A27130042D2F9 /* ViewModel.swift in Sources */ = {isa = PBXBuildFile; fileRef = 3D355E12283567B7001C4EE5 /* ViewModel.swift */; };
		3D5C997A283A27130042D2F9 /* LandmarkApp.swift in Sources */ = {isa = PBXBuildFile; fileRef = 3D355DFC28355B35001C4EE5 /* LandmarkApp.swift */; };
		3D5C997B283A27130042D2F9 /* Landmark.swift in Sources */ = {isa = PBXBuildFile; fileRef = 3D355E10283565F9001C4EE5 /* Landmark.swift */; };
		3D5C997C283A27130042D2F9 /* Hike.swift in Sources */ = {isa = PBXBuildFile; fileRef = 3D3CD42928365126006B1F48 /* Hike.swift */; };
		3D5C997D283A27130042D2F9 /* Profile.swift in Sources */ = {isa = PBXBuildFile; fileRef = 3D9BB8CD2836735500942682 /* Profile.swift */; };
		3D5C997F283A272D0042D2F9 /* LandmarkDetailView.swift in Sources */ = {isa = PBXBuildFile; fileRef = 3D5C997E283A272D0042D2F9 /* LandmarkDetailView.swift */; };
		3D9BB8CA28366C2000942682 /* CategoryRowView.swift in Sources */ = {isa = PBXBuildFile; fileRef = 3D9BB8C928366C2000942682 /* CategoryRowView.swift */; };
		3D9BB8CC28366D4000942682 /* CategoryItemView.swift in Sources */ = {isa = PBXBuildFile; fileRef = 3D9BB8CB28366D4000942682 /* CategoryItemView.swift */; };
		3D9BB8CE2836735500942682 /* Profile.swift in Sources */ = {isa = PBXBuildFile; fileRef = 3D9BB8CD2836735500942682 /* Profile.swift */; };
		3D9BB8D12836748300942682 /* ProfileHostView.swift in Sources */ = {isa = PBXBuildFile; fileRef = 3D9BB8D02836748300942682 /* ProfileHostView.swift */; };
		3D9BB8D32836751600942682 /* ProfileSummaryView.swift in Sources */ = {isa = PBXBuildFile; fileRef = 3D9BB8D22836751600942682 /* ProfileSummaryView.swift */; };
		3D9BB8D52836762800942682 /* HikeBadgeView.swift in Sources */ = {isa = PBXBuildFile; fileRef = 3D9BB8D42836762800942682 /* HikeBadgeView.swift */; };
		3D9BB8D928367E4500942682 /* ProfileEditorView.swift in Sources */ = {isa = PBXBuildFile; fileRef = 3D9BB8D828367E4500942682 /* ProfileEditorView.swift */; };
		3D9BB8DC28368D8B00942682 /* PageViewController.swift in Sources */ = {isa = PBXBuildFile; fileRef = 3D9BB8DB28368D8B00942682 /* PageViewController.swift */; };
		3D9BB8DE28368F9000942682 /* FeatureCardView.swift in Sources */ = {isa = PBXBuildFile; fileRef = 3D9BB8DD28368F9000942682 /* FeatureCardView.swift */; };
		3D9BB8E0283690C800942682 /* TextOverlayView.swift in Sources */ = {isa = PBXBuildFile; fileRef = 3D9BB8DF283690C800942682 /* TextOverlayView.swift */; };
		3D9BB8E22836912400942682 /* PageView.swift in Sources */ = {isa = PBXBuildFile; fileRef = 3D9BB8E12836912400942682 /* PageView.swift */; };
/* End PBXBuildFile section */

/* Begin PBXContainerItemProxy section */
		3D5C9953283A26AD0042D2F9 /* PBXContainerItemProxy */ = {
			isa = PBXContainerItemProxy;
			containerPortal = 3D355DF128355B35001C4EE5 /* Project object */;
			proxyType = 1;
			remoteGlobalIDString = 3D5C9950283A26AD0042D2F9;
			remoteInfo = "WatchLandmarks WatchKit Extension";
		};
		3D5C9967283A26AD0042D2F9 /* PBXContainerItemProxy */ = {
			isa = PBXContainerItemProxy;
			containerPortal = 3D355DF128355B35001C4EE5 /* Project object */;
			proxyType = 1;
			remoteGlobalIDString = 3D5C9948283A26AC0042D2F9;
			remoteInfo = WatchLandmarks;
		};
/* End PBXContainerItemProxy section */

/* Begin PBXCopyFilesBuildPhase section */
		3D5C996A283A26AD0042D2F9 /* Embed Watch Content */ = {
			isa = PBXCopyFilesBuildPhase;
			buildActionMask = 2147483647;
			dstPath = "$(CONTENTS_FOLDER_PATH)/Watch";
			dstSubfolderSpec = 16;
			files = (
				3D5C9969283A26AD0042D2F9 /* WatchLandmarks.app in Embed Watch Content */,
			);
			name = "Embed Watch Content";
			runOnlyForDeploymentPostprocessing = 0;
		};
		3D5C996D283A26AD0042D2F9 /* Embed App Extensions */ = {
			isa = PBXCopyFilesBuildPhase;
			buildActionMask = 2147483647;
			dstPath = "";
			dstSubfolderSpec = 13;
			files = (
				3D5C9952283A26AD0042D2F9 /* WatchLandmarks WatchKit Extension.appex in Embed App Extensions */,
			);
			name = "Embed App Extensions";
			runOnlyForDeploymentPostprocessing = 0;
		};
/* End PBXCopyFilesBuildPhase section */

/* Begin PBXFileReference section */
		3D355DF928355B35001C4EE5 /* Landmark.app */ = {isa = PBXFileReference; explicitFileType = wrapper.application; includeInIndex = 0; path = Landmark.app; sourceTree = BUILT_PRODUCTS_DIR; };
		3D355DFC28355B35001C4EE5 /* LandmarkApp.swift */ = {isa = PBXFileReference; lastKnownFileType = sourcecode.swift; path = LandmarkApp.swift; sourceTree = "<group>"; };
		3D355DFE28355B35001C4EE5 /* MainView.swift */ = {isa = PBXFileReference; lastKnownFileType = sourcecode.swift; path = MainView.swift; sourceTree = "<group>"; };
		3D355E0028355B35001C4EE5 /* Assets.xcassets */ = {isa = PBXFileReference; lastKnownFileType = folder.assetcatalog; path = Assets.xcassets; sourceTree = "<group>"; };
		3D355E0328355B35001C4EE5 /* Preview Assets.xcassets */ = {isa = PBXFileReference; lastKnownFileType = folder.assetcatalog; path = "Preview Assets.xcassets"; sourceTree = "<group>"; };
		3D355E0A28356111001C4EE5 /* CircleImageView.swift */ = {isa = PBXFileReference; lastKnownFileType = sourcecode.swift; path = CircleImageView.swift; sourceTree = "<group>"; };
		3D355E0C283561A3001C4EE5 /* MapView.swift */ = {isa = PBXFileReference; lastKnownFileType = sourcecode.swift; path = MapView.swift; sourceTree = "<group>"; };
		3D355E0E283565DA001C4EE5 /* landmarkData.json */ = {isa = PBXFileReference; fileEncoding = 4; lastKnownFileType = text.json; path = landmarkData.json; sourceTree = "<group>"; };
		3D355E10283565F9001C4EE5 /* Landmark.swift */ = {isa = PBXFileReference; lastKnownFileType = sourcecode.swift; path = Landmark.swift; sourceTree = "<group>"; };
		3D355E12283567B7001C4EE5 /* ViewModel.swift */ = {isa = PBXFileReference; lastKnownFileType = sourcecode.swift; path = ViewModel.swift; sourceTree = "<group>"; };
		3D355E1728356A2C001C4EE5 /* LandmarkRowView.swift */ = {isa = PBXFileReference; lastKnownFileType = sourcecode.swift; path = LandmarkRowView.swift; sourceTree = "<group>"; };
		3D355E1928356B7C001C4EE5 /* LandmarkListView.swift */ = {isa = PBXFileReference; lastKnownFileType = sourcecode.swift; path = LandmarkListView.swift; sourceTree = "<group>"; };
		3D355E1B28356D16001C4EE5 /* LandmarkDetailView.swift */ = {isa = PBXFileReference; lastKnownFileType = sourcecode.swift; path = LandmarkDetailView.swift; sourceTree = "<group>"; };
		3D355E1D28357ADE001C4EE5 /* FavoriteButtonView.swift */ = {isa = PBXFileReference; lastKnownFileType = sourcecode.swift; path = FavoriteButtonView.swift; sourceTree = "<group>"; };
		3D3CD41C28363A2D006B1F48 /* HexagonParameters.swift */ = {isa = PBXFileReference; lastKnownFileType = sourcecode.swift; path = HexagonParameters.swift; sourceTree = "<group>"; };
		3D3CD41E28363B71006B1F48 /* BadgeBackgroundView.swift */ = {isa = PBXFileReference; lastKnownFileType = sourcecode.swift; path = BadgeBackgroundView.swift; sourceTree = "<group>"; };
		3D3CD42028363FAA006B1F48 /* BadgeSymbolView.swift */ = {isa = PBXFileReference; lastKnownFileType = sourcecode.swift; path = BadgeSymbolView.swift; sourceTree = "<group>"; };
		3D3CD4222836418A006B1F48 /* RotatedBadgeSymbolView.swift */ = {isa = PBXFileReference; lastKnownFileType = sourcecode.swift; path = RotatedBadgeSymbolView.swift; sourceTree = "<group>"; };
		3D3CD4242836420B006B1F48 /* BadgeView.swift */ = {isa = PBXFileReference; lastKnownFileType = sourcecode.swift; path = BadgeView.swift; sourceTree = "<group>"; };
		3D3CD427283650DD006B1F48 /* hikeData.json */ = {isa = PBXFileReference; fileEncoding = 4; lastKnownFileType = text.json; path = hikeData.json; sourceTree = "<group>"; };
		3D3CD42928365126006B1F48 /* Hike.swift */ = {isa = PBXFileReference; lastKnownFileType = sourcecode.swift; path = Hike.swift; sourceTree = "<group>"; };
		3D3CD43528365302006B1F48 /* GraphCapsule.swift */ = {isa = PBXFileReference; fileEncoding = 4; lastKnownFileType = sourcecode.swift; path = GraphCapsule.swift; sourceTree = "<group>"; };
		3D3CD43628365302006B1F48 /* HikeGraph.swift */ = {isa = PBXFileReference; fileEncoding = 4; lastKnownFileType = sourcecode.swift; path = HikeGraph.swift; sourceTree = "<group>"; };
		3D3CD43728365302006B1F48 /* HikeDetail.swift */ = {isa = PBXFileReference; fileEncoding = 4; lastKnownFileType = sourcecode.swift; path = HikeDetail.swift; sourceTree = "<group>"; };
		3D3CD43828365302006B1F48 /* HikeView.swift */ = {isa = PBXFileReference; fileEncoding = 4; lastKnownFileType = sourcecode.swift; path = HikeView.swift; sourceTree = "<group>"; };
		3D3CD43E2836685A006B1F48 /* CategoryHomeView.swift */ = {isa = PBXFileReference; lastKnownFileType = sourcecode.swift; path = CategoryHomeView.swift; sourceTree = "<group>"; };
		3D43D09A28369A76006C7F51 /* PageControl.swift */ = {isa = PBXFileReference; lastKnownFileType = sourcecode.swift; path = PageControl.swift; sourceTree = "<group>"; };
		3D5C9949283A26AC0042D2F9 /* WatchLandmarks.app */ = {isa = PBXFileReference; explicitFileType = wrapper.application; includeInIndex = 0; path = WatchLandmarks.app; sourceTree = BUILT_PRODUCTS_DIR; };
		3D5C994B283A26AD0042D2F9 /* Assets.xcassets */ = {isa = PBXFileReference; lastKnownFileType = folder.assetcatalog; path = Assets.xcassets; sourceTree = "<group>"; };
		3D5C9951283A26AD0042D2F9 /* WatchLandmarks WatchKit Extension.appex */ = {isa = PBXFileReference; explicitFileType = "wrapper.app-extension"; includeInIndex = 0; path = "WatchLandmarks WatchKit Extension.appex"; sourceTree = BUILT_PRODUCTS_DIR; };
		3D5C9958283A26AD0042D2F9 /* MainView.swift */ = {isa = PBXFileReference; lastKnownFileType = sourcecode.swift; path = MainView.swift; sourceTree = "<group>"; };
		3D5C995A283A26AD0042D2F9 /* NotificationController.swift */ = {isa = PBXFileReference; lastKnownFileType = sourcecode.swift; path = NotificationController.swift; sourceTree = "<group>"; };
		3D5C995C283A26AD0042D2F9 /* NotificationView.swift */ = {isa = PBXFileReference; lastKnownFileType = sourcecode.swift; path = NotificationView.swift; sourceTree = "<group>"; };
		3D5C995E283A26AD0042D2F9 /* ComplicationController.swift */ = {isa = PBXFileReference; lastKnownFileType = sourcecode.swift; path = ComplicationController.swift; sourceTree = "<group>"; };
		3D5C9960283A26AD0042D2F9 /* Assets.xcassets */ = {isa = PBXFileReference; lastKnownFileType = folder.assetcatalog; path = Assets.xcassets; sourceTree = "<group>"; };
		3D5C9963283A26AD0042D2F9 /* Preview Assets.xcassets */ = {isa = PBXFileReference; lastKnownFileType = folder.assetcatalog; path = "Preview Assets.xcassets"; sourceTree = "<group>"; };
		3D5C9965283A26AD0042D2F9 /* Info.plist */ = {isa = PBXFileReference; lastKnownFileType = text.plist.xml; path = Info.plist; sourceTree = "<group>"; };
		3D5C9966283A26AD0042D2F9 /* PushNotificationPayload.apns */ = {isa = PBXFileReference; lastKnownFileType = text; path = PushNotificationPayload.apns; sourceTree = "<group>"; };
		3D5C997E283A272D0042D2F9 /* LandmarkDetailView.swift */ = {isa = PBXFileReference; lastKnownFileType = sourcecode.swift; path = LandmarkDetailView.swift; sourceTree = "<group>"; };
		3D9BB8C928366C2000942682 /* CategoryRowView.swift */ = {isa = PBXFileReference; lastKnownFileType = sourcecode.swift; path = CategoryRowView.swift; sourceTree = "<group>"; };
		3D9BB8CB28366D4000942682 /* CategoryItemView.swift */ = {isa = PBXFileReference; lastKnownFileType = sourcecode.swift; path = CategoryItemView.swift; sourceTree = "<group>"; };
		3D9BB8CD2836735500942682 /* Profile.swift */ = {isa = PBXFileReference; lastKnownFileType = sourcecode.swift; path = Profile.swift; sourceTree = "<group>"; };
		3D9BB8D02836748300942682 /* ProfileHostView.swift */ = {isa = PBXFileReference; lastKnownFileType = sourcecode.swift; path = ProfileHostView.swift; sourceTree = "<group>"; };
		3D9BB8D22836751600942682 /* ProfileSummaryView.swift */ = {isa = PBXFileReference; lastKnownFileType = sourcecode.swift; path = ProfileSummaryView.swift; sourceTree = "<group>"; };
		3D9BB8D42836762800942682 /* HikeBadgeView.swift */ = {isa = PBXFileReference; lastKnownFileType = sourcecode.swift; path = HikeBadgeView.swift; sourceTree = "<group>"; };
		3D9BB8D828367E4500942682 /* ProfileEditorView.swift */ = {isa = PBXFileReference; lastKnownFileType = sourcecode.swift; path = ProfileEditorView.swift; sourceTree = "<group>"; };
		3D9BB8DB28368D8B00942682 /* PageViewController.swift */ = {isa = PBXFileReference; lastKnownFileType = sourcecode.swift; path = PageViewController.swift; sourceTree = "<group>"; };
		3D9BB8DD28368F9000942682 /* FeatureCardView.swift */ = {isa = PBXFileReference; lastKnownFileType = sourcecode.swift; path = FeatureCardView.swift; sourceTree = "<group>"; };
		3D9BB8DF283690C800942682 /* TextOverlayView.swift */ = {isa = PBXFileReference; lastKnownFileType = sourcecode.swift; path = TextOverlayView.swift; sourceTree = "<group>"; };
		3D9BB8E12836912400942682 /* PageView.swift */ = {isa = PBXFileReference; lastKnownFileType = sourcecode.swift; path = PageView.swift; sourceTree = "<group>"; };
/* End PBXFileReference section */

/* Begin PBXFrameworksBuildPhase section */
		3D355DF628355B35001C4EE5 /* Frameworks */ = {
			isa = PBXFrameworksBuildPhase;
			buildActionMask = 2147483647;
			files = (
			);
			runOnlyForDeploymentPostprocessing = 0;
		};
		3D5C994E283A26AD0042D2F9 /* Frameworks */ = {
			isa = PBXFrameworksBuildPhase;
			buildActionMask = 2147483647;
			files = (
			);
			runOnlyForDeploymentPostprocessing = 0;
		};
/* End PBXFrameworksBuildPhase section */

/* Begin PBXGroup section */
		3D355DF028355B35001C4EE5 = {
			isa = PBXGroup;
			children = (
				3D355DFB28355B35001C4EE5 /* Landmark */,
				3D5C994A283A26AC0042D2F9 /* WatchLandmarks */,
				3D5C9955283A26AD0042D2F9 /* WatchLandmarks WatchKit Extension */,
				3D355DFA28355B35001C4EE5 /* Products */,
			);
			sourceTree = "<group>";
		};
		3D355DFA28355B35001C4EE5 /* Products */ = {
			isa = PBXGroup;
			children = (
				3D355DF928355B35001C4EE5 /* Landmark.app */,
				3D5C9949283A26AC0042D2F9 /* WatchLandmarks.app */,
				3D5C9951283A26AD0042D2F9 /* WatchLandmarks WatchKit Extension.appex */,
			);
			name = Products;
			sourceTree = "<group>";
		};
		3D355DFB28355B35001C4EE5 /* Landmark */ = {
			isa = PBXGroup;
			children = (
				3D355DFC28355B35001C4EE5 /* LandmarkApp.swift */,
				3D355E16283569F1001C4EE5 /* Resources */,
				3D8E82D72837AC7200DF64C2 /* ViewModel */,
				3D355E15283569EB001C4EE5 /* Model */,
				3D355E14283569DD001C4EE5 /* Views */,
				3D355E0028355B35001C4EE5 /* Assets.xcassets */,
				3D355E0228355B35001C4EE5 /* Preview Content */,
			);
			path = Landmark;
			sourceTree = "<group>";
		};
		3D355E0228355B35001C4EE5 /* Preview Content */ = {
			isa = PBXGroup;
			children = (
				3D355E0328355B35001C4EE5 /* Preview Assets.xcassets */,
			);
			path = "Preview Content";
			sourceTree = "<group>";
		};
		3D355E14283569DD001C4EE5 /* Views */ = {
			isa = PBXGroup;
			children = (
				3D355DFE28355B35001C4EE5 /* MainView.swift */,
				3D355E2028357BAB001C4EE5 /* Helpers */,
				3D355E1F28357BA5001C4EE5 /* Landmarks */,
				3D3CD426283643DB006B1F48 /* Badges */,
				3D3CD43428365302006B1F48 /* Hikes */,
				3D3CD43D28366844006B1F48 /* Categories */,
				3D9BB8CF2836747300942682 /* Profiles */,
				3D9BB8DA28368D0700942682 /* PageView */,
			);
			name = Views;
			path = "Vİews";
			sourceTree = "<group>";
		};
		3D355E15283569EB001C4EE5 /* Model */ = {
			isa = PBXGroup;
			children = (
				3D355E10283565F9001C4EE5 /* Landmark.swift */,
				3D3CD42928365126006B1F48 /* Hike.swift */,
				3D9BB8CD2836735500942682 /* Profile.swift */,
			);
			path = Model;
			sourceTree = "<group>";
		};
		3D355E16283569F1001C4EE5 /* Resources */ = {
			isa = PBXGroup;
			children = (
				3D3CD427283650DD006B1F48 /* hikeData.json */,
				3D355E0E283565DA001C4EE5 /* landmarkData.json */,
			);
			path = Resources;
			sourceTree = "<group>";
		};
		3D355E1F28357BA5001C4EE5 /* Landmarks */ = {
			isa = PBXGroup;
			children = (
				3D355E1928356B7C001C4EE5 /* LandmarkListView.swift */,
				3D355E1728356A2C001C4EE5 /* LandmarkRowView.swift */,
				3D355E1B28356D16001C4EE5 /* LandmarkDetailView.swift */,
			);
			path = Landmarks;
			sourceTree = "<group>";
		};
		3D355E2028357BAB001C4EE5 /* Helpers */ = {
			isa = PBXGroup;
			children = (
				3D355E0C283561A3001C4EE5 /* MapView.swift */,
				3D355E0A28356111001C4EE5 /* CircleImageView.swift */,
				3D355E1D28357ADE001C4EE5 /* FavoriteButtonView.swift */,
			);
			path = Helpers;
			sourceTree = "<group>";
		};
		3D3CD426283643DB006B1F48 /* Badges */ = {
			isa = PBXGroup;
			children = (
				3D9BB8D42836762800942682 /* HikeBadgeView.swift */,
				3D3CD4242836420B006B1F48 /* BadgeView.swift */,
				3D3CD4222836418A006B1F48 /* RotatedBadgeSymbolView.swift */,
				3D3CD42028363FAA006B1F48 /* BadgeSymbolView.swift */,
				3D3CD41E28363B71006B1F48 /* BadgeBackgroundView.swift */,
				3D3CD41C28363A2D006B1F48 /* HexagonParameters.swift */,
			);
			path = Badges;
			sourceTree = "<group>";
		};
		3D3CD43428365302006B1F48 /* Hikes */ = {
			isa = PBXGroup;
			children = (
				3D3CD43828365302006B1F48 /* HikeView.swift */,
				3D3CD43728365302006B1F48 /* HikeDetail.swift */,
				3D3CD43628365302006B1F48 /* HikeGraph.swift */,
				3D3CD43528365302006B1F48 /* GraphCapsule.swift */,
			);
			path = Hikes;
			sourceTree = "<group>";
		};
		3D3CD43D28366844006B1F48 /* Categories */ = {
			isa = PBXGroup;
			children = (
				3D3CD43E2836685A006B1F48 /* CategoryHomeView.swift */,
				3D9BB8C928366C2000942682 /* CategoryRowView.swift */,
				3D9BB8CB28366D4000942682 /* CategoryItemView.swift */,
			);
			path = Categories;
			sourceTree = "<group>";
		};
		3D5C994A283A26AC0042D2F9 /* WatchLandmarks */ = {
			isa = PBXGroup;
			children = (
				3D5C994B283A26AD0042D2F9 /* Assets.xcassets */,
			);
			path = WatchLandmarks;
			sourceTree = "<group>";
		};
		3D5C9955283A26AD0042D2F9 /* WatchLandmarks WatchKit Extension */ = {
			isa = PBXGroup;
			children = (
				3D5C9958283A26AD0042D2F9 /* MainView.swift */,
				3D5C995A283A26AD0042D2F9 /* NotificationController.swift */,
				3D5C995C283A26AD0042D2F9 /* NotificationView.swift */,
				3D5C995E283A26AD0042D2F9 /* ComplicationController.swift */,
				3D5C9960283A26AD0042D2F9 /* Assets.xcassets */,
				3D5C9965283A26AD0042D2F9 /* Info.plist */,
				3D5C9966283A26AD0042D2F9 /* PushNotificationPayload.apns */,
				3D5C9962283A26AD0042D2F9 /* Preview Content */,
				3D5C997E283A272D0042D2F9 /* LandmarkDetailView.swift */,
			);
			path = "WatchLandmarks WatchKit Extension";
			sourceTree = "<group>";
		};
		3D5C9962283A26AD0042D2F9 /* Preview Content */ = {
			isa = PBXGroup;
			children = (
				3D5C9963283A26AD0042D2F9 /* Preview Assets.xcassets */,
			);
			path = "Preview Content";
			sourceTree = "<group>";
		};
		3D8E82D72837AC7200DF64C2 /* ViewModel */ = {
			isa = PBXGroup;
			children = (
				3D355E12283567B7001C4EE5 /* ViewModel.swift */,
			);
			path = ViewModel;
			sourceTree = "<group>";
		};
		3D9BB8CF2836747300942682 /* Profiles */ = {
			isa = PBXGroup;
			children = (
				3D9BB8D02836748300942682 /* ProfileHostView.swift */,
				3D9BB8D22836751600942682 /* ProfileSummaryView.swift */,
				3D9BB8D828367E4500942682 /* ProfileEditorView.swift */,
			);
			path = Profiles;
			sourceTree = "<group>";
		};
		3D9BB8DA28368D0700942682 /* PageView */ = {
			isa = PBXGroup;
			children = (
				3D9BB8DB28368D8B00942682 /* PageViewController.swift */,
				3D43D09A28369A76006C7F51 /* PageControl.swift */,
				3D9BB8DD28368F9000942682 /* FeatureCardView.swift */,
				3D9BB8DF283690C800942682 /* TextOverlayView.swift */,
				3D9BB8E12836912400942682 /* PageView.swift */,
			);
			path = PageView;
			sourceTree = "<group>";
		};
/* End PBXGroup section */

/* Begin PBXNativeTarget section */
		3D355DF828355B35001C4EE5 /* Landmark */ = {
			isa = PBXNativeTarget;
			buildConfigurationList = 3D355E0728355B35001C4EE5 /* Build configuration list for PBXNativeTarget "Landmark" */;
			buildPhases = (
				3D355DF528355B35001C4EE5 /* Sources */,
				3D355DF628355B35001C4EE5 /* Frameworks */,
				3D355DF728355B35001C4EE5 /* Resources */,
				3D5C996A283A26AD0042D2F9 /* Embed Watch Content */,
			);
			buildRules = (
			);
			dependencies = (
				3D5C9968283A26AD0042D2F9 /* PBXTargetDependency */,
			);
			name = Landmark;
			productName = Landmark;
			productReference = 3D355DF928355B35001C4EE5 /* Landmark.app */;
			productType = "com.apple.product-type.application";
		};
		3D5C9948283A26AC0042D2F9 /* WatchLandmarks */ = {
			isa = PBXNativeTarget;
			buildConfigurationList = 3D5C9971283A26AD0042D2F9 /* Build configuration list for PBXNativeTarget "WatchLandmarks" */;
			buildPhases = (
				3D5C9947283A26AC0042D2F9 /* Resources */,
				3D5C996D283A26AD0042D2F9 /* Embed App Extensions */,
			);
			buildRules = (
			);
			dependencies = (
				3D5C9954283A26AD0042D2F9 /* PBXTargetDependency */,
			);
			name = WatchLandmarks;
			productName = WatchLandmarks;
			productReference = 3D5C9949283A26AC0042D2F9 /* WatchLandmarks.app */;
			productType = "com.apple.product-type.application.watchapp2";
		};
		3D5C9950283A26AD0042D2F9 /* WatchLandmarks WatchKit Extension */ = {
			isa = PBXNativeTarget;
			buildConfigurationList = 3D5C9970283A26AD0042D2F9 /* Build configuration list for PBXNativeTarget "WatchLandmarks WatchKit Extension" */;
			buildPhases = (
				3D5C994D283A26AD0042D2F9 /* Sources */,
				3D5C994E283A26AD0042D2F9 /* Frameworks */,
				3D5C994F283A26AD0042D2F9 /* Resources */,
			);
			buildRules = (
			);
			dependencies = (
			);
			name = "WatchLandmarks WatchKit Extension";
			productName = "WatchLandmarks WatchKit Extension";
			productReference = 3D5C9951283A26AD0042D2F9 /* WatchLandmarks WatchKit Extension.appex */;
			productType = "com.apple.product-type.watchkit2-extension";
		};
/* End PBXNativeTarget section */

/* Begin PBXProject section */
		3D355DF128355B35001C4EE5 /* Project object */ = {
			isa = PBXProject;
			attributes = {
				BuildIndependentTargetsInParallel = 1;
				LastSwiftUpdateCheck = 1330;
				LastUpgradeCheck = 1330;
				TargetAttributes = {
					3D355DF828355B35001C4EE5 = {
						CreatedOnToolsVersion = 13.3.1;
					};
					3D5C9948283A26AC0042D2F9 = {
						CreatedOnToolsVersion = 13.3.1;
					};
					3D5C9950283A26AD0042D2F9 = {
						CreatedOnToolsVersion = 13.3.1;
					};
				};
			};
			buildConfigurationList = 3D355DF428355B35001C4EE5 /* Build configuration list for PBXProject "Landmark" */;
			compatibilityVersion = "Xcode 13.0";
			developmentRegion = en;
			hasScannedForEncodings = 0;
			knownRegions = (
				en,
				Base,
			);
			mainGroup = 3D355DF028355B35001C4EE5;
			productRefGroup = 3D355DFA28355B35001C4EE5 /* Products */;
			projectDirPath = "";
			projectRoot = "";
			targets = (
				3D355DF828355B35001C4EE5 /* Landmark */,
				3D5C9948283A26AC0042D2F9 /* WatchLandmarks */,
				3D5C9950283A26AD0042D2F9 /* WatchLandmarks WatchKit Extension */,
			);
		};
/* End PBXProject section */

/* Begin PBXResourcesBuildPhase section */
		3D355DF728355B35001C4EE5 /* Resources */ = {
			isa = PBXResourcesBuildPhase;
			buildActionMask = 2147483647;
			files = (
				3D3CD428283650DD006B1F48 /* hikeData.json in Resources */,
				3D355E0428355B35001C4EE5 /* Preview Assets.xcassets in Resources */,
				3D355E0128355B35001C4EE5 /* Assets.xcassets in Resources */,
				3D355E0F283565DA001C4EE5 /* landmarkData.json in Resources */,
			);
			runOnlyForDeploymentPostprocessing = 0;
		};
		3D5C9947283A26AC0042D2F9 /* Resources */ = {
			isa = PBXResourcesBuildPhase;
			buildActionMask = 2147483647;
			files = (
				3D5C994C283A26AD0042D2F9 /* Assets.xcassets in Resources */,
			);
			runOnlyForDeploymentPostprocessing = 0;
		};
		3D5C994F283A26AD0042D2F9 /* Resources */ = {
			isa = PBXResourcesBuildPhase;
			buildActionMask = 2147483647;
			files = (
				3D5C9976283A27130042D2F9 /* hikeData.json in Resources */,
				3D5C9964283A26AD0042D2F9 /* Preview Assets.xcassets in Resources */,
				3D5C9961283A26AD0042D2F9 /* Assets.xcassets in Resources */,
				3D5C9974283A27130042D2F9 /* landmarkData.json in Resources */,
				3D5C9977283A27130042D2F9 /* Assets.xcassets in Resources */,
			);
			runOnlyForDeploymentPostprocessing = 0;
		};
/* End PBXResourcesBuildPhase section */

/* Begin PBXSourcesBuildPhase section */
		3D355DF528355B35001C4EE5 /* Sources */ = {
			isa = PBXSourcesBuildPhase;
			buildActionMask = 2147483647;
			files = (
				3D355DFF28355B35001C4EE5 /* MainView.swift in Sources */,
				3D9BB8E22836912400942682 /* PageView.swift in Sources */,
				3D9BB8CE2836735500942682 /* Profile.swift in Sources */,
				3D9BB8D52836762800942682 /* HikeBadgeView.swift in Sources */,
				3D3CD43F2836685A006B1F48 /* CategoryHomeView.swift in Sources */,
				3D3CD43A28365302006B1F48 /* HikeGraph.swift in Sources */,
				3D9BB8CA28366C2000942682 /* CategoryRowView.swift in Sources */,
				3D9BB8D32836751600942682 /* ProfileSummaryView.swift in Sources */,
				3D43D09B28369A76006C7F51 /* PageControl.swift in Sources */,
				3D355E0D283561A3001C4EE5 /* MapView.swift in Sources */,
				3D9BB8E0283690C800942682 /* TextOverlayView.swift in Sources */,
				3D355E1C28356D16001C4EE5 /* LandmarkDetailView.swift in Sources */,
				3D3CD43928365302006B1F48 /* GraphCapsule.swift in Sources */,
				3D355E1A28356B7C001C4EE5 /* LandmarkListView.swift in Sources */,
				3D3CD41D28363A2D006B1F48 /* HexagonParameters.swift in Sources */,
				3D3CD43B28365302006B1F48 /* HikeDetail.swift in Sources */,
				3D3CD42128363FAA006B1F48 /* BadgeSymbolView.swift in Sources */,
				3D3CD42A28365126006B1F48 /* Hike.swift in Sources */,
				3D3CD4252836420B006B1F48 /* BadgeView.swift in Sources */,
				3D355E0B28356111001C4EE5 /* CircleImageView.swift in Sources */,
				3D9BB8D928367E4500942682 /* ProfileEditorView.swift in Sources */,
				3D355DFD28355B35001C4EE5 /* LandmarkApp.swift in Sources */,
				3D3CD43C28365302006B1F48 /* HikeView.swift in Sources */,
				3D355E1828356A2C001C4EE5 /* LandmarkRowView.swift in Sources */,
				3D355E11283565F9001C4EE5 /* Landmark.swift in Sources */,
				3D9BB8DC28368D8B00942682 /* PageViewController.swift in Sources */,
				3D9BB8D12836748300942682 /* ProfileHostView.swift in Sources */,
				3D3CD4232836418A006B1F48 /* RotatedBadgeSymbolView.swift in Sources */,
				3D9BB8CC28366D4000942682 /* CategoryItemView.swift in Sources */,
				3D355E1E28357ADE001C4EE5 /* FavoriteButtonView.swift in Sources */,
				3D9BB8DE28368F9000942682 /* FeatureCardView.swift in Sources */,
				3D3CD41F28363B71006B1F48 /* BadgeBackgroundView.swift in Sources */,
				3D355E13283567B7001C4EE5 /* ViewModel.swift in Sources */,
			);
			runOnlyForDeploymentPostprocessing = 0;
		};
		3D5C994D283A26AD0042D2F9 /* Sources */ = {
			isa = PBXSourcesBuildPhase;
			buildActionMask = 2147483647;
			files = (
				3D5C9978283A27130042D2F9 /* CircleImageView.swift in Sources */,
				3D5C997F283A272D0042D2F9 /* LandmarkDetailView.swift in Sources */,
				3D5C997B283A27130042D2F9 /* Landmark.swift in Sources */,
				3D5C997A283A27130042D2F9 /* LandmarkApp.swift in Sources */,
				3D5C997D283A27130042D2F9 /* Profile.swift in Sources */,
				3D5C9979283A27130042D2F9 /* ViewModel.swift in Sources */,
				3D5C995B283A26AD0042D2F9 /* NotificationController.swift in Sources */,
				3D5C9959283A26AD0042D2F9 /* MainView.swift in Sources */,
				3D5C997C283A27130042D2F9 /* Hike.swift in Sources */,
				3D5C9972283A27130042D2F9 /* MapView.swift in Sources */,
				3D5C995F283A26AD0042D2F9 /* ComplicationController.swift in Sources */,
				3D5C995D283A26AD0042D2F9 /* NotificationView.swift in Sources */,
				3D5C9975283A27130042D2F9 /* LandmarkListView.swift in Sources */,
				3D5C9973283A27130042D2F9 /* LandmarkRowView.swift in Sources */,
			);
			runOnlyForDeploymentPostprocessing = 0;
		};
/* End PBXSourcesBuildPhase section */

/* Begin PBXTargetDependency section */
		3D5C9954283A26AD0042D2F9 /* PBXTargetDependency */ = {
			isa = PBXTargetDependency;
			target = 3D5C9950283A26AD0042D2F9 /* WatchLandmarks WatchKit Extension */;
			targetProxy = 3D5C9953283A26AD0042D2F9 /* PBXContainerItemProxy */;
		};
		3D5C9968283A26AD0042D2F9 /* PBXTargetDependency */ = {
			isa = PBXTargetDependency;
			target = 3D5C9948283A26AC0042D2F9 /* WatchLandmarks */;
			targetProxy = 3D5C9967283A26AD0042D2F9 /* PBXContainerItemProxy */;
		};
/* End PBXTargetDependency section */

/* Begin XCBuildConfiguration section */
		3D355E0528355B35001C4EE5 /* Debug */ = {
			isa = XCBuildConfiguration;
			buildSettings = {
				ALWAYS_SEARCH_USER_PATHS = NO;
				CLANG_ANALYZER_NONNULL = YES;
				CLANG_ANALYZER_NUMBER_OBJECT_CONVERSION = YES_AGGRESSIVE;
				CLANG_CXX_LANGUAGE_STANDARD = "gnu++17";
				CLANG_ENABLE_MODULES = YES;
				CLANG_ENABLE_OBJC_ARC = YES;
				CLANG_ENABLE_OBJC_WEAK = YES;
				CLANG_WARN_BLOCK_CAPTURE_AUTORELEASING = YES;
				CLANG_WARN_BOOL_CONVERSION = YES;
				CLANG_WARN_COMMA = YES;
				CLANG_WARN_CONSTANT_CONVERSION = YES;
				CLANG_WARN_DEPRECATED_OBJC_IMPLEMENTATIONS = YES;
				CLANG_WARN_DIRECT_OBJC_ISA_USAGE = YES_ERROR;
				CLANG_WARN_DOCUMENTATION_COMMENTS = YES;
				CLANG_WARN_EMPTY_BODY = YES;
				CLANG_WARN_ENUM_CONVERSION = YES;
				CLANG_WARN_INFINITE_RECURSION = YES;
				CLANG_WARN_INT_CONVERSION = YES;
				CLANG_WARN_NON_LITERAL_NULL_CONVERSION = YES;
				CLANG_WARN_OBJC_IMPLICIT_RETAIN_SELF = YES;
				CLANG_WARN_OBJC_LITERAL_CONVERSION = YES;
				CLANG_WARN_OBJC_ROOT_CLASS = YES_ERROR;
				CLANG_WARN_QUOTED_INCLUDE_IN_FRAMEWORK_HEADER = YES;
				CLANG_WARN_RANGE_LOOP_ANALYSIS = YES;
				CLANG_WARN_STRICT_PROTOTYPES = YES;
				CLANG_WARN_SUSPICIOUS_MOVE = YES;
				CLANG_WARN_UNGUARDED_AVAILABILITY = YES_AGGRESSIVE;
				CLANG_WARN_UNREACHABLE_CODE = YES;
				CLANG_WARN__DUPLICATE_METHOD_MATCH = YES;
				COPY_PHASE_STRIP = NO;
				DEBUG_INFORMATION_FORMAT = dwarf;
				ENABLE_STRICT_OBJC_MSGSEND = YES;
				ENABLE_TESTABILITY = YES;
				GCC_C_LANGUAGE_STANDARD = gnu11;
				GCC_DYNAMIC_NO_PIC = NO;
				GCC_NO_COMMON_BLOCKS = YES;
				GCC_OPTIMIZATION_LEVEL = 0;
				GCC_PREPROCESSOR_DEFINITIONS = (
					"DEBUG=1",
					"$(inherited)",
				);
				GCC_WARN_64_TO_32_BIT_CONVERSION = YES;
				GCC_WARN_ABOUT_RETURN_TYPE = YES_ERROR;
				GCC_WARN_UNDECLARED_SELECTOR = YES;
				GCC_WARN_UNINITIALIZED_AUTOS = YES_AGGRESSIVE;
				GCC_WARN_UNUSED_FUNCTION = YES;
				GCC_WARN_UNUSED_VARIABLE = YES;
				IPHONEOS_DEPLOYMENT_TARGET = 15.4;
				MTL_ENABLE_DEBUG_INFO = INCLUDE_SOURCE;
				MTL_FAST_MATH = YES;
				ONLY_ACTIVE_ARCH = YES;
				SDKROOT = iphoneos;
				SWIFT_ACTIVE_COMPILATION_CONDITIONS = DEBUG;
				SWIFT_OPTIMIZATION_LEVEL = "-Onone";
			};
			name = Debug;
		};
		3D355E0628355B35001C4EE5 /* Release */ = {
			isa = XCBuildConfiguration;
			buildSettings = {
				ALWAYS_SEARCH_USER_PATHS = NO;
				CLANG_ANALYZER_NONNULL = YES;
				CLANG_ANALYZER_NUMBER_OBJECT_CONVERSION = YES_AGGRESSIVE;
				CLANG_CXX_LANGUAGE_STANDARD = "gnu++17";
				CLANG_ENABLE_MODULES = YES;
				CLANG_ENABLE_OBJC_ARC = YES;
				CLANG_ENABLE_OBJC_WEAK = YES;
				CLANG_WARN_BLOCK_CAPTURE_AUTORELEASING = YES;
				CLANG_WARN_BOOL_CONVERSION = YES;
				CLANG_WARN_COMMA = YES;
				CLANG_WARN_CONSTANT_CONVERSION = YES;
				CLANG_WARN_DEPRECATED_OBJC_IMPLEMENTATIONS = YES;
				CLANG_WARN_DIRECT_OBJC_ISA_USAGE = YES_ERROR;
				CLANG_WARN_DOCUMENTATION_COMMENTS = YES;
				CLANG_WARN_EMPTY_BODY = YES;
				CLANG_WARN_ENUM_CONVERSION = YES;
				CLANG_WARN_INFINITE_RECURSION = YES;
				CLANG_WARN_INT_CONVERSION = YES;
				CLANG_WARN_NON_LITERAL_NULL_CONVERSION = YES;
				CLANG_WARN_OBJC_IMPLICIT_RETAIN_SELF = YES;
				CLANG_WARN_OBJC_LITERAL_CONVERSION = YES;
				CLANG_WARN_OBJC_ROOT_CLASS = YES_ERROR;
				CLANG_WARN_QUOTED_INCLUDE_IN_FRAMEWORK_HEADER = YES;
				CLANG_WARN_RANGE_LOOP_ANALYSIS = YES;
				CLANG_WARN_STRICT_PROTOTYPES = YES;
				CLANG_WARN_SUSPICIOUS_MOVE = YES;
				CLANG_WARN_UNGUARDED_AVAILABILITY = YES_AGGRESSIVE;
				CLANG_WARN_UNREACHABLE_CODE = YES;
				CLANG_WARN__DUPLICATE_METHOD_MATCH = YES;
				COPY_PHASE_STRIP = NO;
				DEBUG_INFORMATION_FORMAT = "dwarf-with-dsym";
				ENABLE_NS_ASSERTIONS = NO;
				ENABLE_STRICT_OBJC_MSGSEND = YES;
				GCC_C_LANGUAGE_STANDARD = gnu11;
				GCC_NO_COMMON_BLOCKS = YES;
				GCC_WARN_64_TO_32_BIT_CONVERSION = YES;
				GCC_WARN_ABOUT_RETURN_TYPE = YES_ERROR;
				GCC_WARN_UNDECLARED_SELECTOR = YES;
				GCC_WARN_UNINITIALIZED_AUTOS = YES_AGGRESSIVE;
				GCC_WARN_UNUSED_FUNCTION = YES;
				GCC_WARN_UNUSED_VARIABLE = YES;
				IPHONEOS_DEPLOYMENT_TARGET = 15.4;
				MTL_ENABLE_DEBUG_INFO = NO;
				MTL_FAST_MATH = YES;
				SDKROOT = iphoneos;
				SWIFT_COMPILATION_MODE = wholemodule;
				SWIFT_OPTIMIZATION_LEVEL = "-O";
				VALIDATE_PRODUCT = YES;
			};
			name = Release;
		};
		3D355E0828355B35001C4EE5 /* Debug */ = {
			isa = XCBuildConfiguration;
			buildSettings = {
				ASSETCATALOG_COMPILER_APPICON_NAME = AppIcon;
				ASSETCATALOG_COMPILER_GLOBAL_ACCENT_COLOR_NAME = AccentColor;
				CODE_SIGN_STYLE = Automatic;
				CURRENT_PROJECT_VERSION = 1;
				DEVELOPMENT_ASSET_PATHS = "\"Landmark/Preview Content\"";
				DEVELOPMENT_TEAM = 5CYVKDSSNH;
				ENABLE_PREVIEWS = YES;
				GENERATE_INFOPLIST_FILE = YES;
				INFOPLIST_KEY_UIApplicationSceneManifest_Generation = YES;
				INFOPLIST_KEY_UIApplicationSupportsIndirectInputEvents = YES;
				INFOPLIST_KEY_UILaunchScreen_Generation = YES;
				INFOPLIST_KEY_UISupportedInterfaceOrientations_iPad = "UIInterfaceOrientationPortrait UIInterfaceOrientationPortraitUpsideDown UIInterfaceOrientationLandscapeLeft UIInterfaceOrientationLandscapeRight";
				INFOPLIST_KEY_UISupportedInterfaceOrientations_iPhone = "UIInterfaceOrientationPortrait UIInterfaceOrientationLandscapeLeft UIInterfaceOrientationLandscapeRight";
				LD_RUNPATH_SEARCH_PATHS = (
					"$(inherited)",
					"@executable_path/Frameworks",
				);
				MARKETING_VERSION = 1.0;
				PRODUCT_BUNDLE_IDENTIFIER = com.fatih.Landmark;
				PRODUCT_NAME = "$(TARGET_NAME)";
				SWIFT_EMIT_LOC_STRINGS = YES;
				SWIFT_VERSION = 5.0;
				TARGETED_DEVICE_FAMILY = "1,2";
			};
			name = Debug;
		};
		3D355E0928355B35001C4EE5 /* Release */ = {
			isa = XCBuildConfiguration;
			buildSettings = {
				ASSETCATALOG_COMPILER_APPICON_NAME = AppIcon;
				ASSETCATALOG_COMPILER_GLOBAL_ACCENT_COLOR_NAME = AccentColor;
				CODE_SIGN_STYLE = Automatic;
				CURRENT_PROJECT_VERSION = 1;
				DEVELOPMENT_ASSET_PATHS = "\"Landmark/Preview Content\"";
				DEVELOPMENT_TEAM = 5CYVKDSSNH;
				ENABLE_PREVIEWS = YES;
				GENERATE_INFOPLIST_FILE = YES;
				INFOPLIST_KEY_UIApplicationSceneManifest_Generation = YES;
				INFOPLIST_KEY_UIApplicationSupportsIndirectInputEvents = YES;
				INFOPLIST_KEY_UILaunchScreen_Generation = YES;
				INFOPLIST_KEY_UISupportedInterfaceOrientations_iPad = "UIInterfaceOrientationPortrait UIInterfaceOrientationPortraitUpsideDown UIInterfaceOrientationLandscapeLeft UIInterfaceOrientationLandscapeRight";
				INFOPLIST_KEY_UISupportedInterfaceOrientations_iPhone = "UIInterfaceOrientationPortrait UIInterfaceOrientationLandscapeLeft UIInterfaceOrientationLandscapeRight";
				LD_RUNPATH_SEARCH_PATHS = (
					"$(inherited)",
					"@executable_path/Frameworks",
				);
				MARKETING_VERSION = 1.0;
				PRODUCT_BUNDLE_IDENTIFIER = com.fatih.Landmark;
				PRODUCT_NAME = "$(TARGET_NAME)";
				SWIFT_EMIT_LOC_STRINGS = YES;
				SWIFT_VERSION = 5.0;
				TARGETED_DEVICE_FAMILY = "1,2";
			};
			name = Release;
		};
		3D5C996B283A26AD0042D2F9 /* Debug */ = {
			isa = XCBuildConfiguration;
			buildSettings = {
				ALWAYS_EMBED_SWIFT_STANDARD_LIBRARIES = YES;
				ASSETCATALOG_COMPILER_APPICON_NAME = AppIcon;
				ASSETCATALOG_COMPILER_GLOBAL_ACCENT_COLOR_NAME = AccentColor;
				CODE_SIGN_STYLE = Automatic;
				CURRENT_PROJECT_VERSION = 1;
				DEVELOPMENT_TEAM = 5CYVKDSSNH;
				GENERATE_INFOPLIST_FILE = YES;
				IBSC_MODULE = WatchLandmarks_WatchKit_Extension;
				INFOPLIST_KEY_CFBundleDisplayName = WatchLandmarks;
				INFOPLIST_KEY_UISupportedInterfaceOrientations = "UIInterfaceOrientationPortrait UIInterfaceOrientationPortraitUpsideDown";
				INFOPLIST_KEY_WKCompanionAppBundleIdentifier = com.fatih.Landmark;
				MARKETING_VERSION = 1.0;
				PRODUCT_BUNDLE_IDENTIFIER = com.fatih.Landmark.watchkitapp;
				PRODUCT_NAME = "$(TARGET_NAME)";
				SDKROOT = watchos;
				SKIP_INSTALL = YES;
				SWIFT_EMIT_LOC_STRINGS = YES;
				SWIFT_VERSION = 5.0;
				TARGETED_DEVICE_FAMILY = 4;
				WATCHOS_DEPLOYMENT_TARGET = 8.5;
			};
			name = Debug;
		};
		3D5C996C283A26AD0042D2F9 /* Release */ = {
			isa = XCBuildConfiguration;
			buildSettings = {
				ALWAYS_EMBED_SWIFT_STANDARD_LIBRARIES = YES;
				ASSETCATALOG_COMPILER_APPICON_NAME = AppIcon;
				ASSETCATALOG_COMPILER_GLOBAL_ACCENT_COLOR_NAME = AccentColor;
				CODE_SIGN_STYLE = Automatic;
				CURRENT_PROJECT_VERSION = 1;
				DEVELOPMENT_TEAM = 5CYVKDSSNH;
				GENERATE_INFOPLIST_FILE = YES;
				IBSC_MODULE = WatchLandmarks_WatchKit_Extension;
				INFOPLIST_KEY_CFBundleDisplayName = WatchLandmarks;
				INFOPLIST_KEY_UISupportedInterfaceOrientations = "UIInterfaceOrientationPortrait UIInterfaceOrientationPortraitUpsideDown";
				INFOPLIST_KEY_WKCompanionAppBundleIdentifier = com.fatih.Landmark;
				MARKETING_VERSION = 1.0;
				PRODUCT_BUNDLE_IDENTIFIER = com.fatih.Landmark.watchkitapp;
				PRODUCT_NAME = "$(TARGET_NAME)";
				SDKROOT = watchos;
				SKIP_INSTALL = YES;
				SWIFT_EMIT_LOC_STRINGS = YES;
				SWIFT_VERSION = 5.0;
				TARGETED_DEVICE_FAMILY = 4;
				WATCHOS_DEPLOYMENT_TARGET = 8.5;
			};
			name = Release;
		};
		3D5C996E283A26AD0042D2F9 /* Debug */ = {
			isa = XCBuildConfiguration;
			buildSettings = {
				ASSETCATALOG_COMPILER_COMPLICATION_NAME = Complication;
				CODE_SIGN_STYLE = Automatic;
				CURRENT_PROJECT_VERSION = 1;
				DEVELOPMENT_ASSET_PATHS = "\"WatchLandmarks WatchKit Extension/Preview Content\"";
				DEVELOPMENT_TEAM = 5CYVKDSSNH;
				ENABLE_PREVIEWS = YES;
				GENERATE_INFOPLIST_FILE = YES;
				INFOPLIST_FILE = "WatchLandmarks WatchKit Extension/Info.plist";
				INFOPLIST_KEY_CFBundleDisplayName = "WatchLandmarks WatchKit Extension";
				INFOPLIST_KEY_CLKComplicationPrincipalClass = WatchLandmarks_WatchKit_Extension.ComplicationController;
				INFOPLIST_KEY_NSHumanReadableCopyright = "";
				INFOPLIST_KEY_WKRunsIndependentlyOfCompanionApp = YES;
				LD_RUNPATH_SEARCH_PATHS = (
					"$(inherited)",
					"@executable_path/Frameworks",
					"@executable_path/../../Frameworks",
				);
				MARKETING_VERSION = 1.0;
				PRODUCT_BUNDLE_IDENTIFIER = com.fatih.Landmark.watchkitapp.watchkitextension;
				PRODUCT_NAME = "${TARGET_NAME}";
				SDKROOT = watchos;
				SKIP_INSTALL = YES;
				SWIFT_EMIT_LOC_STRINGS = YES;
				SWIFT_VERSION = 5.0;
				TARGETED_DEVICE_FAMILY = 4;
				WATCHOS_DEPLOYMENT_TARGET = 8.5;
			};
			name = Debug;
		};
		3D5C996F283A26AD0042D2F9 /* Release */ = {
			isa = XCBuildConfiguration;
			buildSettings = {
				ASSETCATALOG_COMPILER_COMPLICATION_NAME = Complication;
				CODE_SIGN_STYLE = Automatic;
				CURRENT_PROJECT_VERSION = 1;
				DEVELOPMENT_ASSET_PATHS = "\"WatchLandmarks WatchKit Extension/Preview Content\"";
				DEVELOPMENT_TEAM = 5CYVKDSSNH;
				ENABLE_PREVIEWS = YES;
				GENERATE_INFOPLIST_FILE = YES;
				INFOPLIST_FILE = "WatchLandmarks WatchKit Extension/Info.plist";
				INFOPLIST_KEY_CFBundleDisplayName = "WatchLandmarks WatchKit Extension";
				INFOPLIST_KEY_CLKComplicationPrincipalClass = WatchLandmarks_WatchKit_Extension.ComplicationController;
				INFOPLIST_KEY_NSHumanReadableCopyright = "";
				INFOPLIST_KEY_WKRunsIndependentlyOfCompanionApp = YES;
				LD_RUNPATH_SEARCH_PATHS = (
					"$(inherited)",
					"@executable_path/Frameworks",
					"@executable_path/../../Frameworks",
				);
				MARKETING_VERSION = 1.0;
				PRODUCT_BUNDLE_IDENTIFIER = com.fatih.Landmark.watchkitapp.watchkitextension;
				PRODUCT_NAME = "${TARGET_NAME}";
				SDKROOT = watchos;
				SKIP_INSTALL = YES;
				SWIFT_EMIT_LOC_STRINGS = YES;
				SWIFT_VERSION = 5.0;
				TARGETED_DEVICE_FAMILY = 4;
				WATCHOS_DEPLOYMENT_TARGET = 8.5;
			};
			name = Release;
		};
/* End XCBuildConfiguration section */

/* Begin XCConfigurationList section */
		3D355DF428355B35001C4EE5 /* Build configuration list for PBXProject "Landmark" */ = {
			isa = XCConfigurationList;
			buildConfigurations = (
				3D355E0528355B35001C4EE5 /* Debug */,
				3D355E0628355B35001C4EE5 /* Release */,
			);
			defaultConfigurationIsVisible = 0;
			defaultConfigurationName = Release;
		};
		3D355E0728355B35001C4EE5 /* Build configuration list for PBXNativeTarget "Landmark" */ = {
			isa = XCConfigurationList;
			buildConfigurations = (
				3D355E0828355B35001C4EE5 /* Debug */,
				3D355E0928355B35001C4EE5 /* Release */,
			);
			defaultConfigurationIsVisible = 0;
			defaultConfigurationName = Release;
		};
		3D5C9970283A26AD0042D2F9 /* Build configuration list for PBXNativeTarget "WatchLandmarks WatchKit Extension" */ = {
			isa = XCConfigurationList;
			buildConfigurations = (
				3D5C996E283A26AD0042D2F9 /* Debug */,
				3D5C996F283A26AD0042D2F9 /* Release */,
			);
			defaultConfigurationIsVisible = 0;
			defaultConfigurationName = Release;
		};
		3D5C9971283A26AD0042D2F9 /* Build configuration list for PBXNativeTarget "WatchLandmarks" */ = {
			isa = XCConfigurationList;
			buildConfigurations = (
				3D5C996B283A26AD0042D2F9 /* Debug */,
				3D5C996C283A26AD0042D2F9 /* Release */,
			);
			defaultConfigurationIsVisible = 0;
			defaultConfigurationName = Release;
		};
/* End XCConfigurationList section */
	};
	rootObject = 3D355DF128355B35001C4EE5 /* Project object */;
}
